// !$*UTF8*$!
{
	archiveVersion = 1;
	classes = {
	};
	objectVersion = 55;
	objects = {

/* Begin PBXBuildFile section */
		17154EE8286CEEB0008FC9B0 /* MovieService.swift in Sources */ = {isa = PBXBuildFile; fileRef = 17154EE7286CEEB0008FC9B0 /* MovieService.swift */; };
		172A7D4528620420003D8B40 /* movie.json in Resources */ = {isa = PBXBuildFile; fileRef = 172A7D4428620420003D8B40 /* movie.json */; };
		172A7D4928620BB9003D8B40 /* MovieListViewController.swift in Sources */ = {isa = PBXBuildFile; fileRef = 172A7D4828620BB9003D8B40 /* MovieListViewController.swift */; };
		172A7D4B28620BDB003D8B40 /* Movie.swift in Sources */ = {isa = PBXBuildFile; fileRef = 172A7D4A28620BDB003D8B40 /* Movie.swift */; };
		172A7D4E28621119003D8B40 /* MovieList+Constraints.swift in Sources */ = {isa = PBXBuildFile; fileRef = 172A7D4D28621119003D8B40 /* MovieList+Constraints.swift */; };
		172A7D502862118A003D8B40 /* MovieList+TableView.swift in Sources */ = {isa = PBXBuildFile; fileRef = 172A7D4F2862118A003D8B40 /* MovieList+TableView.swift */; };
		172A7D54286227C6003D8B40 /* MovieListViewModel.swift in Sources */ = {isa = PBXBuildFile; fileRef = 172A7D53286227C6003D8B40 /* MovieListViewModel.swift */; };
		172A7D5928623B78003D8B40 /* MovieTableViewCell.swift in Sources */ = {isa = PBXBuildFile; fileRef = 172A7D5828623B78003D8B40 /* MovieTableViewCell.swift */; };
		172A7D5B28624A24003D8B40 /* TableCellViewModel.swift in Sources */ = {isa = PBXBuildFile; fileRef = 172A7D5A28624A24003D8B40 /* TableCellViewModel.swift */; };
		172A7D5D28624A35003D8B40 /* TableCell+Constraints.swift in Sources */ = {isa = PBXBuildFile; fileRef = 172A7D5C28624A35003D8B40 /* TableCell+Constraints.swift */; };
		172A7D5F28624F01003D8B40 /* NetworkConstants.swift in Sources */ = {isa = PBXBuildFile; fileRef = 172A7D5E28624F01003D8B40 /* NetworkConstants.swift */; };
		17303BB2285F47A10074A7C3 /* AppDelegate.swift in Sources */ = {isa = PBXBuildFile; fileRef = 17303BB1285F47A10074A7C3 /* AppDelegate.swift */; };
		17303BB4285F47A10074A7C3 /* SceneDelegate.swift in Sources */ = {isa = PBXBuildFile; fileRef = 17303BB3285F47A10074A7C3 /* SceneDelegate.swift */; };
		17303BB6285F47A10074A7C3 /* SplashScreenViewController.swift in Sources */ = {isa = PBXBuildFile; fileRef = 17303BB5285F47A10074A7C3 /* SplashScreenViewController.swift */; };
		17303BB9285F47A10074A7C3 /* Main.storyboard in Resources */ = {isa = PBXBuildFile; fileRef = 17303BB7285F47A10074A7C3 /* Main.storyboard */; };
		17303BBB285F47A40074A7C3 /* Assets.xcassets in Resources */ = {isa = PBXBuildFile; fileRef = 17303BBA285F47A40074A7C3 /* Assets.xcassets */; };
		17303BBE285F47A40074A7C3 /* LaunchScreen.storyboard in Resources */ = {isa = PBXBuildFile; fileRef = 17303BBC285F47A40074A7C3 /* LaunchScreen.storyboard */; };
		17303BC7285F48540074A7C3 /* Kingfisher in Frameworks */ = {isa = PBXBuildFile; productRef = 17303BC6285F48540074A7C3 /* Kingfisher */; };
		17303BCA285F486B0074A7C3 /* SnapKit in Frameworks */ = {isa = PBXBuildFile; productRef = 17303BC9285F486B0074A7C3 /* SnapKit */; };
		17303BD22861EA890074A7C3 /* Constants.swift in Sources */ = {isa = PBXBuildFile; fileRef = 17303BD12861EA890074A7C3 /* Constants.swift */; };
		17303BD42861EE6B0074A7C3 /* SplashScreen+Constraints.swift in Sources */ = {isa = PBXBuildFile; fileRef = 17303BD32861EE6B0074A7C3 /* SplashScreen+Constraints.swift */; };
		174614A2286B58F80019A475 /* SplashScreen+TabBar.swift in Sources */ = {isa = PBXBuildFile; fileRef = 174614A1286B58F80019A475 /* SplashScreen+TabBar.swift */; };
		1755BE5A28673C5600BF5E4E /* MovieList+Filter.swift in Sources */ = {isa = PBXBuildFile; fileRef = 1755BE5928673C5600BF5E4E /* MovieList+Filter.swift */; };
		1755BE5C28675D9300BF5E4E /* Genre.swift in Sources */ = {isa = PBXBuildFile; fileRef = 1755BE5B28675D9300BF5E4E /* Genre.swift */; };
		1755BE5E28675F5C00BF5E4E /* GenreService.swift in Sources */ = {isa = PBXBuildFile; fileRef = 1755BE5D28675F5C00BF5E4E /* GenreService.swift */; };
		1776135F2863A918006CCA08 /* MovieDetailViewController.swift in Sources */ = {isa = PBXBuildFile; fileRef = 1776135E2863A918006CCA08 /* MovieDetailViewController.swift */; };
		177613622863A975006CCA08 /* BookmarksViewController.swift in Sources */ = {isa = PBXBuildFile; fileRef = 177613612863A975006CCA08 /* BookmarksViewController.swift */; };
		177613642863B211006CCA08 /* Bookmarks+TableView.swift in Sources */ = {isa = PBXBuildFile; fileRef = 177613632863B211006CCA08 /* Bookmarks+TableView.swift */; };
		17C217BE2875CEF20090743E /* SplashScreeenViewModel.swift in Sources */ = {isa = PBXBuildFile; fileRef = 17C217BD2875CEF20090743E /* SplashScreeenViewModel.swift */; };
		17C217C02875D10F0090743E /* MainData.swift in Sources */ = {isa = PBXBuildFile; fileRef = 17C217BF2875D10F0090743E /* MainData.swift */; };
		17C2E20F2878822200690E43 /* WebService.swift in Sources */ = {isa = PBXBuildFile; fileRef = 17C2E20E2878822200690E43 /* WebService.swift */; };
		17C4EBB12864816F00D14E0E /* BookmarksViewModel.swift in Sources */ = {isa = PBXBuildFile; fileRef = 17C4EBB02864816F00D14E0E /* BookmarksViewModel.swift */; };
		17C4EBB3286481E200D14E0E /* Bookmarks+Constraints.swift in Sources */ = {isa = PBXBuildFile; fileRef = 17C4EBB2286481E200D14E0E /* Bookmarks+Constraints.swift */; };
		17C4EBB72864F4B400D14E0E /* MovieDetail+Constraints.swift in Sources */ = {isa = PBXBuildFile; fileRef = 17C4EBB62864F4B400D14E0E /* MovieDetail+Constraints.swift */; };
		DA6AA6E1D0C433D44312EFB6 /* Pods_MovieApp.framework in Frameworks */ = {isa = PBXBuildFile; fileRef = 0EF459FC9A868AAEB2C79302 /* Pods_MovieApp.framework */; };
/* End PBXBuildFile section */

/* Begin PBXFileReference section */
		0CABC27A5885330F5DDCA8D0 /* Pods-MovieApp.debug.xcconfig */ = {isa = PBXFileReference; includeInIndex = 1; lastKnownFileType = text.xcconfig; name = "Pods-MovieApp.debug.xcconfig"; path = "Target Support Files/Pods-MovieApp/Pods-MovieApp.debug.xcconfig"; sourceTree = "<group>"; };
		0EF459FC9A868AAEB2C79302 /* Pods_MovieApp.framework */ = {isa = PBXFileReference; explicitFileType = wrapper.framework; includeInIndex = 0; path = Pods_MovieApp.framework; sourceTree = BUILT_PRODUCTS_DIR; };
		17154EE7286CEEB0008FC9B0 /* MovieService.swift */ = {isa = PBXFileReference; lastKnownFileType = sourcecode.swift; path = MovieService.swift; sourceTree = "<group>"; };
		172A7D4428620420003D8B40 /* movie.json */ = {isa = PBXFileReference; fileEncoding = 4; lastKnownFileType = text.json; path = movie.json; sourceTree = "<group>"; };
		172A7D4828620BB9003D8B40 /* MovieListViewController.swift */ = {isa = PBXFileReference; lastKnownFileType = sourcecode.swift; path = MovieListViewController.swift; sourceTree = "<group>"; };
		172A7D4A28620BDB003D8B40 /* Movie.swift */ = {isa = PBXFileReference; lastKnownFileType = sourcecode.swift; path = Movie.swift; sourceTree = "<group>"; };
		172A7D4D28621119003D8B40 /* MovieList+Constraints.swift */ = {isa = PBXFileReference; lastKnownFileType = sourcecode.swift; path = "MovieList+Constraints.swift"; sourceTree = "<group>"; };
		172A7D4F2862118A003D8B40 /* MovieList+TableView.swift */ = {isa = PBXFileReference; lastKnownFileType = sourcecode.swift; path = "MovieList+TableView.swift"; sourceTree = "<group>"; };
		172A7D53286227C6003D8B40 /* MovieListViewModel.swift */ = {isa = PBXFileReference; lastKnownFileType = sourcecode.swift; path = MovieListViewModel.swift; sourceTree = "<group>"; };
		172A7D5828623B78003D8B40 /* MovieTableViewCell.swift */ = {isa = PBXFileReference; lastKnownFileType = sourcecode.swift; path = MovieTableViewCell.swift; sourceTree = "<group>"; };
		172A7D5A28624A24003D8B40 /* TableCellViewModel.swift */ = {isa = PBXFileReference; lastKnownFileType = sourcecode.swift; path = TableCellViewModel.swift; sourceTree = "<group>"; };
		172A7D5C28624A35003D8B40 /* TableCell+Constraints.swift */ = {isa = PBXFileReference; lastKnownFileType = sourcecode.swift; path = "TableCell+Constraints.swift"; sourceTree = "<group>"; };
		172A7D5E28624F01003D8B40 /* NetworkConstants.swift */ = {isa = PBXFileReference; lastKnownFileType = sourcecode.swift; path = NetworkConstants.swift; sourceTree = "<group>"; };
		17303BAE285F47A10074A7C3 /* MovieApp.app */ = {isa = PBXFileReference; explicitFileType = wrapper.application; includeInIndex = 0; path = MovieApp.app; sourceTree = BUILT_PRODUCTS_DIR; };
		17303BB1285F47A10074A7C3 /* AppDelegate.swift */ = {isa = PBXFileReference; lastKnownFileType = sourcecode.swift; path = AppDelegate.swift; sourceTree = "<group>"; };
		17303BB3285F47A10074A7C3 /* SceneDelegate.swift */ = {isa = PBXFileReference; lastKnownFileType = sourcecode.swift; path = SceneDelegate.swift; sourceTree = "<group>"; };
		17303BB5285F47A10074A7C3 /* SplashScreenViewController.swift */ = {isa = PBXFileReference; lastKnownFileType = sourcecode.swift; path = SplashScreenViewController.swift; sourceTree = "<group>"; };
		17303BB8285F47A10074A7C3 /* Base */ = {isa = PBXFileReference; lastKnownFileType = file.storyboard; name = Base; path = Base.lproj/Main.storyboard; sourceTree = "<group>"; };
		17303BBA285F47A40074A7C3 /* Assets.xcassets */ = {isa = PBXFileReference; lastKnownFileType = folder.assetcatalog; path = Assets.xcassets; sourceTree = "<group>"; };
		17303BBD285F47A40074A7C3 /* Base */ = {isa = PBXFileReference; lastKnownFileType = file.storyboard; name = Base; path = Base.lproj/LaunchScreen.storyboard; sourceTree = "<group>"; };
		17303BBF285F47A40074A7C3 /* Info.plist */ = {isa = PBXFileReference; lastKnownFileType = text.plist.xml; path = Info.plist; sourceTree = "<group>"; };
		17303BD12861EA890074A7C3 /* Constants.swift */ = {isa = PBXFileReference; lastKnownFileType = sourcecode.swift; path = Constants.swift; sourceTree = "<group>"; };
		17303BD32861EE6B0074A7C3 /* SplashScreen+Constraints.swift */ = {isa = PBXFileReference; lastKnownFileType = sourcecode.swift; path = "SplashScreen+Constraints.swift"; sourceTree = "<group>"; };
		174614A1286B58F80019A475 /* SplashScreen+TabBar.swift */ = {isa = PBXFileReference; lastKnownFileType = sourcecode.swift; path = "SplashScreen+TabBar.swift"; sourceTree = "<group>"; };
		1755BE5928673C5600BF5E4E /* MovieList+Filter.swift */ = {isa = PBXFileReference; lastKnownFileType = sourcecode.swift; path = "MovieList+Filter.swift"; sourceTree = "<group>"; };
		1755BE5B28675D9300BF5E4E /* Genre.swift */ = {isa = PBXFileReference; lastKnownFileType = sourcecode.swift; path = Genre.swift; sourceTree = "<group>"; };
		1755BE5D28675F5C00BF5E4E /* GenreService.swift */ = {isa = PBXFileReference; lastKnownFileType = sourcecode.swift; path = GenreService.swift; sourceTree = "<group>"; };
		1776135E2863A918006CCA08 /* MovieDetailViewController.swift */ = {isa = PBXFileReference; lastKnownFileType = sourcecode.swift; path = MovieDetailViewController.swift; sourceTree = "<group>"; };
		177613612863A975006CCA08 /* BookmarksViewController.swift */ = {isa = PBXFileReference; lastKnownFileType = sourcecode.swift; path = BookmarksViewController.swift; sourceTree = "<group>"; };
		177613632863B211006CCA08 /* Bookmarks+TableView.swift */ = {isa = PBXFileReference; lastKnownFileType = sourcecode.swift; path = "Bookmarks+TableView.swift"; sourceTree = "<group>"; };
		17C217BD2875CEF20090743E /* SplashScreeenViewModel.swift */ = {isa = PBXFileReference; lastKnownFileType = sourcecode.swift; path = SplashScreeenViewModel.swift; sourceTree = "<group>"; };
		17C217BF2875D10F0090743E /* MainData.swift */ = {isa = PBXFileReference; lastKnownFileType = sourcecode.swift; path = MainData.swift; sourceTree = "<group>"; };
		17C2E20E2878822200690E43 /* WebService.swift */ = {isa = PBXFileReference; lastKnownFileType = sourcecode.swift; path = WebService.swift; sourceTree = "<group>"; };
		17C4EBB02864816F00D14E0E /* BookmarksViewModel.swift */ = {isa = PBXFileReference; lastKnownFileType = sourcecode.swift; path = BookmarksViewModel.swift; sourceTree = "<group>"; };
		17C4EBB2286481E200D14E0E /* Bookmarks+Constraints.swift */ = {isa = PBXFileReference; lastKnownFileType = sourcecode.swift; path = "Bookmarks+Constraints.swift"; sourceTree = "<group>"; };
		17C4EBB62864F4B400D14E0E /* MovieDetail+Constraints.swift */ = {isa = PBXFileReference; lastKnownFileType = sourcecode.swift; path = "MovieDetail+Constraints.swift"; sourceTree = "<group>"; };
		BC1F93D868F9D68234E1E13D /* Pods-MovieApp.release.xcconfig */ = {isa = PBXFileReference; includeInIndex = 1; lastKnownFileType = text.xcconfig; name = "Pods-MovieApp.release.xcconfig"; path = "Target Support Files/Pods-MovieApp/Pods-MovieApp.release.xcconfig"; sourceTree = "<group>"; };
/* End PBXFileReference section */

/* Begin PBXFrameworksBuildPhase section */
		17303BAB285F47A10074A7C3 /* Frameworks */ = {
			isa = PBXFrameworksBuildPhase;
			buildActionMask = 2147483647;
			files = (
				17303BC7285F48540074A7C3 /* Kingfisher in Frameworks */,
				17303BCA285F486B0074A7C3 /* SnapKit in Frameworks */,
				DA6AA6E1D0C433D44312EFB6 /* Pods_MovieApp.framework in Frameworks */,
			);
			runOnlyForDeploymentPostprocessing = 0;
		};
/* End PBXFrameworksBuildPhase section */

/* Begin PBXGroup section */
		172A7D4628620908003D8B40 /* Network */ = {
			isa = PBXGroup;
			children = (
				1755BE5D28675F5C00BF5E4E /* GenreService.swift */,
				17154EE7286CEEB0008FC9B0 /* MovieService.swift */,
				17C2E20E2878822200690E43 /* WebService.swift */,
			);
			name = Network;
			sourceTree = "<group>";
		};
		172A7D4728620B8E003D8B40 /* MovieList */ = {
			isa = PBXGroup;
			children = (
				172A7D4828620BB9003D8B40 /* MovieListViewController.swift */,
				172A7D4D28621119003D8B40 /* MovieList+Constraints.swift */,
				172A7D4F2862118A003D8B40 /* MovieList+TableView.swift */,
				1755BE5928673C5600BF5E4E /* MovieList+Filter.swift */,
				172A7D53286227C6003D8B40 /* MovieListViewModel.swift */,
			);
			path = MovieList;
			sourceTree = "<group>";
		};
		172A7D4C28620BE1003D8B40 /* Models */ = {
			isa = PBXGroup;
			children = (
				172A7D4A28620BDB003D8B40 /* Movie.swift */,
				1755BE5B28675D9300BF5E4E /* Genre.swift */,
				17C217BF2875D10F0090743E /* MainData.swift */,
			);
			path = Models;
			sourceTree = "<group>";
		};
		172A7D5728623B4D003D8B40 /* MovieViewCell */ = {
			isa = PBXGroup;
			children = (
				172A7D5828623B78003D8B40 /* MovieTableViewCell.swift */,
				172A7D5C28624A35003D8B40 /* TableCell+Constraints.swift */,
				172A7D5A28624A24003D8B40 /* TableCellViewModel.swift */,
			);
			path = MovieViewCell;
			sourceTree = "<group>";
		};
		17303BA5285F47A10074A7C3 = {
			isa = PBXGroup;
			children = (
				17303BB0285F47A10074A7C3 /* MovieApp */,
				17303BAF285F47A10074A7C3 /* Products */,
				C88CFF08B17B2D9C212A4C35 /* Pods */,
				C71700C514F47BCD7D4D9F65 /* Frameworks */,
			);
			sourceTree = "<group>";
		};
		17303BAF285F47A10074A7C3 /* Products */ = {
			isa = PBXGroup;
			children = (
				17303BAE285F47A10074A7C3 /* MovieApp.app */,
			);
			name = Products;
			sourceTree = "<group>";
		};
		17303BB0285F47A10074A7C3 /* MovieApp */ = {
			isa = PBXGroup;
			children = (
				17303BCB285F48B50074A7C3 /* App */,
				17303BCC285F48D20074A7C3 /* Resources */,
				17303BCD285F49C40074A7C3 /* Storyboards */,
				172A7D4628620908003D8B40 /* Network */,
				172A7D4C28620BE1003D8B40 /* Models */,
				17303BD02861EA670074A7C3 /* Constants */,
				17303BCE285F4A540074A7C3 /* Scenes */,
			);
			path = MovieApp;
			sourceTree = "<group>";
		};
		17303BCB285F48B50074A7C3 /* App */ = {
			isa = PBXGroup;
			children = (
				17303BB1285F47A10074A7C3 /* AppDelegate.swift */,
				17303BB3285F47A10074A7C3 /* SceneDelegate.swift */,
			);
			path = App;
			sourceTree = "<group>";
		};
		17303BCC285F48D20074A7C3 /* Resources */ = {
			isa = PBXGroup;
			children = (
				17303BBA285F47A40074A7C3 /* Assets.xcassets */,
				172A7D4428620420003D8B40 /* movie.json */,
				17303BBF285F47A40074A7C3 /* Info.plist */,
			);
			path = Resources;
			sourceTree = "<group>";
		};
		17303BCD285F49C40074A7C3 /* Storyboards */ = {
			isa = PBXGroup;
			children = (
				17303BB7285F47A10074A7C3 /* Main.storyboard */,
				17303BBC285F47A40074A7C3 /* LaunchScreen.storyboard */,
			);
			path = Storyboards;
			sourceTree = "<group>";
		};
		17303BCE285F4A540074A7C3 /* Scenes */ = {
			isa = PBXGroup;
			children = (
				177613602863A95E006CCA08 /* Bookmarks */,
				1776135D2863A8F4006CCA08 /* MovieDetail */,
				172A7D5728623B4D003D8B40 /* MovieViewCell */,
				172A7D4728620B8E003D8B40 /* MovieList */,
				17303BCF285F4A710074A7C3 /* SplashScreen */,
			);
			path = Scenes;
			sourceTree = "<group>";
		};
		17303BCF285F4A710074A7C3 /* SplashScreen */ = {
			isa = PBXGroup;
			children = (
				17303BB5285F47A10074A7C3 /* SplashScreenViewController.swift */,
				17303BD32861EE6B0074A7C3 /* SplashScreen+Constraints.swift */,
				174614A1286B58F80019A475 /* SplashScreen+TabBar.swift */,
				17C217BD2875CEF20090743E /* SplashScreeenViewModel.swift */,
			);
			path = SplashScreen;
			sourceTree = "<group>";
		};
		17303BD02861EA670074A7C3 /* Constants */ = {
			isa = PBXGroup;
			children = (
				17303BD12861EA890074A7C3 /* Constants.swift */,
				172A7D5E28624F01003D8B40 /* NetworkConstants.swift */,
			);
			name = Constants;
			sourceTree = "<group>";
		};
		1776135D2863A8F4006CCA08 /* MovieDetail */ = {
			isa = PBXGroup;
			children = (
				1776135E2863A918006CCA08 /* MovieDetailViewController.swift */,
				17C4EBB62864F4B400D14E0E /* MovieDetail+Constraints.swift */,
			);
			path = MovieDetail;
			sourceTree = "<group>";
		};
		177613602863A95E006CCA08 /* Bookmarks */ = {
			isa = PBXGroup;
			children = (
				177613612863A975006CCA08 /* BookmarksViewController.swift */,
				177613632863B211006CCA08 /* Bookmarks+TableView.swift */,
				17C4EBB2286481E200D14E0E /* Bookmarks+Constraints.swift */,
				17C4EBB02864816F00D14E0E /* BookmarksViewModel.swift */,
			);
			path = Bookmarks;
			sourceTree = "<group>";
		};
		C71700C514F47BCD7D4D9F65 /* Frameworks */ = {
			isa = PBXGroup;
			children = (
				0EF459FC9A868AAEB2C79302 /* Pods_MovieApp.framework */,
			);
			name = Frameworks;
			sourceTree = "<group>";
		};
		C88CFF08B17B2D9C212A4C35 /* Pods */ = {
			isa = PBXGroup;
			children = (
				0CABC27A5885330F5DDCA8D0 /* Pods-MovieApp.debug.xcconfig */,
				BC1F93D868F9D68234E1E13D /* Pods-MovieApp.release.xcconfig */,
			);
			path = Pods;
			sourceTree = "<group>";
		};
/* End PBXGroup section */

/* Begin PBXNativeTarget section */
		17303BAD285F47A10074A7C3 /* MovieApp */ = {
			isa = PBXNativeTarget;
			buildConfigurationList = 17303BC2285F47A40074A7C3 /* Build configuration list for PBXNativeTarget "MovieApp" */;
			buildPhases = (
				012EF71E1042815B7B1DEA8D /* [CP] Check Pods Manifest.lock */,
				17303BAA285F47A10074A7C3 /* Sources */,
				17303BAB285F47A10074A7C3 /* Frameworks */,
				17303BAC285F47A10074A7C3 /* Resources */,
				C62999CD7F9762F5C82E1E80 /* [CP] Embed Pods Frameworks */,
			);
			buildRules = (
			);
			dependencies = (
			);
			name = MovieApp;
			packageProductDependencies = (
				17303BC6285F48540074A7C3 /* Kingfisher */,
				17303BC9285F486B0074A7C3 /* SnapKit */,
			);
			productName = MovieApp;
			productReference = 17303BAE285F47A10074A7C3 /* MovieApp.app */;
			productType = "com.apple.product-type.application";
		};
/* End PBXNativeTarget section */

/* Begin PBXProject section */
		17303BA6285F47A10074A7C3 /* Project object */ = {
			isa = PBXProject;
			attributes = {
				BuildIndependentTargetsInParallel = 1;
				LastSwiftUpdateCheck = 1320;
				LastUpgradeCheck = 1320;
				TargetAttributes = {
					17303BAD285F47A10074A7C3 = {
						CreatedOnToolsVersion = 13.2.1;
					};
				};
			};
			buildConfigurationList = 17303BA9285F47A10074A7C3 /* Build configuration list for PBXProject "MovieApp" */;
			compatibilityVersion = "Xcode 13.0";
			developmentRegion = en;
			hasScannedForEncodings = 0;
			knownRegions = (
				en,
				Base,
			);
			mainGroup = 17303BA5285F47A10074A7C3;
			packageReferences = (
				17303BC5285F48540074A7C3 /* XCRemoteSwiftPackageReference "Kingfisher" */,
				17303BC8285F486B0074A7C3 /* XCRemoteSwiftPackageReference "SnapKit" */,
			);
			productRefGroup = 17303BAF285F47A10074A7C3 /* Products */;
			projectDirPath = "";
			projectRoot = "";
			targets = (
				17303BAD285F47A10074A7C3 /* MovieApp */,
			);
		};
/* End PBXProject section */

/* Begin PBXResourcesBuildPhase section */
		17303BAC285F47A10074A7C3 /* Resources */ = {
			isa = PBXResourcesBuildPhase;
			buildActionMask = 2147483647;
			files = (
				17303BBE285F47A40074A7C3 /* LaunchScreen.storyboard in Resources */,
				17303BBB285F47A40074A7C3 /* Assets.xcassets in Resources */,
				172A7D4528620420003D8B40 /* movie.json in Resources */,
				17303BB9285F47A10074A7C3 /* Main.storyboard in Resources */,
			);
			runOnlyForDeploymentPostprocessing = 0;
		};
/* End PBXResourcesBuildPhase section */

/* Begin PBXShellScriptBuildPhase section */
		012EF71E1042815B7B1DEA8D /* [CP] Check Pods Manifest.lock */ = {
			isa = PBXShellScriptBuildPhase;
			buildActionMask = 2147483647;
			files = (
			);
			inputFileListPaths = (
			);
			inputPaths = (
				"${PODS_PODFILE_DIR_PATH}/Podfile.lock",
				"${PODS_ROOT}/Manifest.lock",
			);
			name = "[CP] Check Pods Manifest.lock";
			outputFileListPaths = (
			);
			outputPaths = (
				"$(DERIVED_FILE_DIR)/Pods-MovieApp-checkManifestLockResult.txt",
			);
			runOnlyForDeploymentPostprocessing = 0;
			shellPath = /bin/sh;
			shellScript = "diff \"${PODS_PODFILE_DIR_PATH}/Podfile.lock\" \"${PODS_ROOT}/Manifest.lock\" > /dev/null\nif [ $? != 0 ] ; then\n    # print error to STDERR\n    echo \"error: The sandbox is not in sync with the Podfile.lock. Run 'pod install' or update your CocoaPods installation.\" >&2\n    exit 1\nfi\n# This output is used by Xcode 'outputs' to avoid re-running this script phase.\necho \"SUCCESS\" > \"${SCRIPT_OUTPUT_FILE_0}\"\n";
			showEnvVarsInLog = 0;
		};
		C62999CD7F9762F5C82E1E80 /* [CP] Embed Pods Frameworks */ = {
			isa = PBXShellScriptBuildPhase;
			buildActionMask = 2147483647;
			files = (
			);
			inputFileListPaths = (
				"${PODS_ROOT}/Target Support Files/Pods-MovieApp/Pods-MovieApp-frameworks-${CONFIGURATION}-input-files.xcfilelist",
			);
			name = "[CP] Embed Pods Frameworks";
			outputFileListPaths = (
				"${PODS_ROOT}/Target Support Files/Pods-MovieApp/Pods-MovieApp-frameworks-${CONFIGURATION}-output-files.xcfilelist",
			);
			runOnlyForDeploymentPostprocessing = 0;
			shellPath = /bin/sh;
			shellScript = "\"${PODS_ROOT}/Target Support Files/Pods-MovieApp/Pods-MovieApp-frameworks.sh\"\n";
			showEnvVarsInLog = 0;
		};
/* End PBXShellScriptBuildPhase section */

/* Begin PBXSourcesBuildPhase section */
		17303BAA285F47A10074A7C3 /* Sources */ = {
			isa = PBXSourcesBuildPhase;
			buildActionMask = 2147483647;
			files = (
				177613642863B211006CCA08 /* Bookmarks+TableView.swift in Sources */,
				177613622863A975006CCA08 /* BookmarksViewController.swift in Sources */,
				172A7D4B28620BDB003D8B40 /* Movie.swift in Sources */,
				17303BD42861EE6B0074A7C3 /* SplashScreen+Constraints.swift in Sources */,
				17C4EBB72864F4B400D14E0E /* MovieDetail+Constraints.swift in Sources */,
				17C217BE2875CEF20090743E /* SplashScreeenViewModel.swift in Sources */,
				17303BB6285F47A10074A7C3 /* SplashScreenViewController.swift in Sources */,
				1755BE5E28675F5C00BF5E4E /* GenreService.swift in Sources */,
				172A7D502862118A003D8B40 /* MovieList+TableView.swift in Sources */,
				17303BB2285F47A10074A7C3 /* AppDelegate.swift in Sources */,
				172A7D5B28624A24003D8B40 /* TableCellViewModel.swift in Sources */,
				1755BE5C28675D9300BF5E4E /* Genre.swift in Sources */,
				1776135F2863A918006CCA08 /* MovieDetailViewController.swift in Sources */,
				172A7D5F28624F01003D8B40 /* NetworkConstants.swift in Sources */,
				17C4EBB3286481E200D14E0E /* Bookmarks+Constraints.swift in Sources */,
				172A7D4928620BB9003D8B40 /* MovieListViewController.swift in Sources */,
				172A7D54286227C6003D8B40 /* MovieListViewModel.swift in Sources */,
				172A7D4E28621119003D8B40 /* MovieList+Constraints.swift in Sources */,
				17303BB4285F47A10074A7C3 /* SceneDelegate.swift in Sources */,
				1755BE5A28673C5600BF5E4E /* MovieList+Filter.swift in Sources */,
				17C217C02875D10F0090743E /* MainData.swift in Sources */,
				17C4EBB12864816F00D14E0E /* BookmarksViewModel.swift in Sources */,
				17C2E20F2878822200690E43 /* WebService.swift in Sources */,
				172A7D5D28624A35003D8B40 /* TableCell+Constraints.swift in Sources */,
				17303BD22861EA890074A7C3 /* Constants.swift in Sources */,
				17154EE8286CEEB0008FC9B0 /* MovieService.swift in Sources */,
				174614A2286B58F80019A475 /* SplashScreen+TabBar.swift in Sources */,
				172A7D5928623B78003D8B40 /* MovieTableViewCell.swift in Sources */,
			);
			runOnlyForDeploymentPostprocessing = 0;
		};
/* End PBXSourcesBuildPhase section */

/* Begin PBXVariantGroup section */
		17303BB7285F47A10074A7C3 /* Main.storyboard */ = {
			isa = PBXVariantGroup;
			children = (
				17303BB8285F47A10074A7C3 /* Base */,
			);
			name = Main.storyboard;
			sourceTree = "<group>";
		};
		17303BBC285F47A40074A7C3 /* LaunchScreen.storyboard */ = {
			isa = PBXVariantGroup;
			children = (
				17303BBD285F47A40074A7C3 /* Base */,
			);
			name = LaunchScreen.storyboard;
			sourceTree = "<group>";
		};
/* End PBXVariantGroup section */

/* Begin XCBuildConfiguration section */
		17303BC0285F47A40074A7C3 /* Debug */ = {
			isa = XCBuildConfiguration;
			buildSettings = {
				ALWAYS_SEARCH_USER_PATHS = NO;
				CLANG_ANALYZER_NONNULL = YES;
				CLANG_ANALYZER_NUMBER_OBJECT_CONVERSION = YES_AGGRESSIVE;
				CLANG_CXX_LANGUAGE_STANDARD = "gnu++17";
				CLANG_CXX_LIBRARY = "libc++";
				CLANG_ENABLE_MODULES = YES;
				CLANG_ENABLE_OBJC_ARC = YES;
				CLANG_ENABLE_OBJC_WEAK = YES;
				CLANG_WARN_BLOCK_CAPTURE_AUTORELEASING = YES;
				CLANG_WARN_BOOL_CONVERSION = YES;
				CLANG_WARN_COMMA = YES;
				CLANG_WARN_CONSTANT_CONVERSION = YES;
				CLANG_WARN_DEPRECATED_OBJC_IMPLEMENTATIONS = YES;
				CLANG_WARN_DIRECT_OBJC_ISA_USAGE = YES_ERROR;
				CLANG_WARN_DOCUMENTATION_COMMENTS = YES;
				CLANG_WARN_EMPTY_BODY = YES;
				CLANG_WARN_ENUM_CONVERSION = YES;
				CLANG_WARN_INFINITE_RECURSION = YES;
				CLANG_WARN_INT_CONVERSION = YES;
				CLANG_WARN_NON_LITERAL_NULL_CONVERSION = YES;
				CLANG_WARN_OBJC_IMPLICIT_RETAIN_SELF = YES;
				CLANG_WARN_OBJC_LITERAL_CONVERSION = YES;
				CLANG_WARN_OBJC_ROOT_CLASS = YES_ERROR;
				CLANG_WARN_QUOTED_INCLUDE_IN_FRAMEWORK_HEADER = YES;
				CLANG_WARN_RANGE_LOOP_ANALYSIS = YES;
				CLANG_WARN_STRICT_PROTOTYPES = YES;
				CLANG_WARN_SUSPICIOUS_MOVE = YES;
				CLANG_WARN_UNGUARDED_AVAILABILITY = YES_AGGRESSIVE;
				CLANG_WARN_UNREACHABLE_CODE = YES;
				CLANG_WARN__DUPLICATE_METHOD_MATCH = YES;
				COPY_PHASE_STRIP = NO;
				DEBUG_INFORMATION_FORMAT = dwarf;
				ENABLE_STRICT_OBJC_MSGSEND = YES;
				ENABLE_TESTABILITY = YES;
				GCC_C_LANGUAGE_STANDARD = gnu11;
				GCC_DYNAMIC_NO_PIC = NO;
				GCC_NO_COMMON_BLOCKS = YES;
				GCC_OPTIMIZATION_LEVEL = 0;
				GCC_PREPROCESSOR_DEFINITIONS = (
					"DEBUG=1",
					"$(inherited)",
				);
				GCC_WARN_64_TO_32_BIT_CONVERSION = YES;
				GCC_WARN_ABOUT_RETURN_TYPE = YES_ERROR;
				GCC_WARN_UNDECLARED_SELECTOR = YES;
				GCC_WARN_UNINITIALIZED_AUTOS = YES_AGGRESSIVE;
				GCC_WARN_UNUSED_FUNCTION = YES;
				GCC_WARN_UNUSED_VARIABLE = YES;
				IPHONEOS_DEPLOYMENT_TARGET = 13.0;
				MTL_ENABLE_DEBUG_INFO = INCLUDE_SOURCE;
				MTL_FAST_MATH = YES;
				ONLY_ACTIVE_ARCH = YES;
				SDKROOT = iphoneos;
				SWIFT_ACTIVE_COMPILATION_CONDITIONS = DEBUG;
				SWIFT_OPTIMIZATION_LEVEL = "-Onone";
			};
			name = Debug;
		};
		17303BC1285F47A40074A7C3 /* Release */ = {
			isa = XCBuildConfiguration;
			buildSettings = {
				ALWAYS_SEARCH_USER_PATHS = NO;
				CLANG_ANALYZER_NONNULL = YES;
				CLANG_ANALYZER_NUMBER_OBJECT_CONVERSION = YES_AGGRESSIVE;
				CLANG_CXX_LANGUAGE_STANDARD = "gnu++17";
				CLANG_CXX_LIBRARY = "libc++";
				CLANG_ENABLE_MODULES = YES;
				CLANG_ENABLE_OBJC_ARC = YES;
				CLANG_ENABLE_OBJC_WEAK = YES;
				CLANG_WARN_BLOCK_CAPTURE_AUTORELEASING = YES;
				CLANG_WARN_BOOL_CONVERSION = YES;
				CLANG_WARN_COMMA = YES;
				CLANG_WARN_CONSTANT_CONVERSION = YES;
				CLANG_WARN_DEPRECATED_OBJC_IMPLEMENTATIONS = YES;
				CLANG_WARN_DIRECT_OBJC_ISA_USAGE = YES_ERROR;
				CLANG_WARN_DOCUMENTATION_COMMENTS = YES;
				CLANG_WARN_EMPTY_BODY = YES;
				CLANG_WARN_ENUM_CONVERSION = YES;
				CLANG_WARN_INFINITE_RECURSION = YES;
				CLANG_WARN_INT_CONVERSION = YES;
				CLANG_WARN_NON_LITERAL_NULL_CONVERSION = YES;
				CLANG_WARN_OBJC_IMPLICIT_RETAIN_SELF = YES;
				CLANG_WARN_OBJC_LITERAL_CONVERSION = YES;
				CLANG_WARN_OBJC_ROOT_CLASS = YES_ERROR;
				CLANG_WARN_QUOTED_INCLUDE_IN_FRAMEWORK_HEADER = YES;
				CLANG_WARN_RANGE_LOOP_ANALYSIS = YES;
				CLANG_WARN_STRICT_PROTOTYPES = YES;
				CLANG_WARN_SUSPICIOUS_MOVE = YES;
				CLANG_WARN_UNGUARDED_AVAILABILITY = YES_AGGRESSIVE;
				CLANG_WARN_UNREACHABLE_CODE = YES;
				CLANG_WARN__DUPLICATE_METHOD_MATCH = YES;
				COPY_PHASE_STRIP = NO;
				DEBUG_INFORMATION_FORMAT = "dwarf-with-dsym";
				ENABLE_NS_ASSERTIONS = NO;
				ENABLE_STRICT_OBJC_MSGSEND = YES;
				GCC_C_LANGUAGE_STANDARD = gnu11;
				GCC_NO_COMMON_BLOCKS = YES;
				GCC_WARN_64_TO_32_BIT_CONVERSION = YES;
				GCC_WARN_ABOUT_RETURN_TYPE = YES_ERROR;
				GCC_WARN_UNDECLARED_SELECTOR = YES;
				GCC_WARN_UNINITIALIZED_AUTOS = YES_AGGRESSIVE;
				GCC_WARN_UNUSED_FUNCTION = YES;
				GCC_WARN_UNUSED_VARIABLE = YES;
				IPHONEOS_DEPLOYMENT_TARGET = 13.0;
				MTL_ENABLE_DEBUG_INFO = NO;
				MTL_FAST_MATH = YES;
				SDKROOT = iphoneos;
				SWIFT_COMPILATION_MODE = wholemodule;
				SWIFT_OPTIMIZATION_LEVEL = "-O";
				VALIDATE_PRODUCT = YES;
			};
			name = Release;
		};
		17303BC3285F47A40074A7C3 /* Debug */ = {
			isa = XCBuildConfiguration;
			baseConfigurationReference = 0CABC27A5885330F5DDCA8D0 /* Pods-MovieApp.debug.xcconfig */;
			buildSettings = {
				ASSETCATALOG_COMPILER_APPICON_NAME = AppIcon;
				ASSETCATALOG_COMPILER_GLOBAL_ACCENT_COLOR_NAME = AccentColor;
				CODE_SIGN_STYLE = Automatic;
				CURRENT_PROJECT_VERSION = 1;
				DEVELOPMENT_TEAM = H6QQ8QA88T;
				GENERATE_INFOPLIST_FILE = YES;
				INFOPLIST_FILE = MovieApp/Resources/Info.plist;
				INFOPLIST_KEY_UIApplicationSupportsIndirectInputEvents = YES;
				INFOPLIST_KEY_UILaunchStoryboardName = LaunchScreen;
				INFOPLIST_KEY_UIMainStoryboardFile = Main;
				INFOPLIST_KEY_UISupportedInterfaceOrientations = UIInterfaceOrientationPortrait;
				INFOPLIST_KEY_UISupportedInterfaceOrientations_iPad = "UIInterfaceOrientationPortrait UIInterfaceOrientationPortraitUpsideDown UIInterfaceOrientationLandscapeLeft UIInterfaceOrientationLandscapeRight";
				INFOPLIST_KEY_UISupportedInterfaceOrientations_iPhone = "UIInterfaceOrientationPortrait UIInterfaceOrientationLandscapeLeft UIInterfaceOrientationLandscapeRight";
				LD_RUNPATH_SEARCH_PATHS = (
					"$(inherited)",
					"@executable_path/Frameworks",
				);
				MARKETING_VERSION = 0.1.0;
				PRODUCT_BUNDLE_IDENTIFIER = com.omerbozbulut.movieapp;
				PRODUCT_NAME = "$(TARGET_NAME)";
				SWIFT_EMIT_LOC_STRINGS = YES;
				SWIFT_VERSION = 5.0;
				TARGETED_DEVICE_FAMILY = 1;
			};
			name = Debug;
		};
		17303BC4285F47A40074A7C3 /* Release */ = {
			isa = XCBuildConfiguration;
			baseConfigurationReference = BC1F93D868F9D68234E1E13D /* Pods-MovieApp.release.xcconfig */;
			buildSettings = {
				ASSETCATALOG_COMPILER_APPICON_NAME = AppIcon;
				ASSETCATALOG_COMPILER_GLOBAL_ACCENT_COLOR_NAME = AccentColor;
				CODE_SIGN_STYLE = Automatic;
				CURRENT_PROJECT_VERSION = 1;
				DEVELOPMENT_TEAM = H6QQ8QA88T;
				GENERATE_INFOPLIST_FILE = YES;
				INFOPLIST_FILE = MovieApp/Resources/Info.plist;
				INFOPLIST_KEY_UIApplicationSupportsIndirectInputEvents = YES;
				INFOPLIST_KEY_UILaunchStoryboardName = LaunchScreen;
				INFOPLIST_KEY_UIMainStoryboardFile = Main;
				INFOPLIST_KEY_UISupportedInterfaceOrientations = UIInterfaceOrientationPortrait;
				INFOPLIST_KEY_UISupportedInterfaceOrientations_iPad = "UIInterfaceOrientationPortrait UIInterfaceOrientationPortraitUpsideDown UIInterfaceOrientationLandscapeLeft UIInterfaceOrientationLandscapeRight";
				INFOPLIST_KEY_UISupportedInterfaceOrientations_iPhone = "UIInterfaceOrientationPortrait UIInterfaceOrientationLandscapeLeft UIInterfaceOrientationLandscapeRight";
				LD_RUNPATH_SEARCH_PATHS = (
					"$(inherited)",
					"@executable_path/Frameworks",
				);
				MARKETING_VERSION = 0.1.0;
				PRODUCT_BUNDLE_IDENTIFIER = com.omerbozbulut.movieapp;
				PRODUCT_NAME = "$(TARGET_NAME)";
				SWIFT_EMIT_LOC_STRINGS = YES;
				SWIFT_VERSION = 5.0;
				TARGETED_DEVICE_FAMILY = 1;
			};
			name = Release;
		};
/* End XCBuildConfiguration section */

/* Begin XCConfigurationList section */
		17303BA9285F47A10074A7C3 /* Build configuration list for PBXProject "MovieApp" */ = {
			isa = XCConfigurationList;
			buildConfigurations = (
				17303BC0285F47A40074A7C3 /* Debug */,
				17303BC1285F47A40074A7C3 /* Release */,
			);
			defaultConfigurationIsVisible = 0;
			defaultConfigurationName = Release;
		};
		17303BC2285F47A40074A7C3 /* Build configuration list for PBXNativeTarget "MovieApp" */ = {
			isa = XCConfigurationList;
			buildConfigurations = (
				17303BC3285F47A40074A7C3 /* Debug */,
				17303BC4285F47A40074A7C3 /* Release */,
			);
			defaultConfigurationIsVisible = 0;
			defaultConfigurationName = Release;
		};
/* End XCConfigurationList section */

/* Begin XCRemoteSwiftPackageReference section */
		17303BC5285F48540074A7C3 /* XCRemoteSwiftPackageReference "Kingfisher" */ = {
			isa = XCRemoteSwiftPackageReference;
			repositoryURL = "https://github.com/onevcat/Kingfisher.git";
			requirement = {
				kind = upToNextMajorVersion;
				minimumVersion = 7.0.0;
			};
		};
		17303BC8285F486B0074A7C3 /* XCRemoteSwiftPackageReference "SnapKit" */ = {
			isa = XCRemoteSwiftPackageReference;
			repositoryURL = "https://github.com/SnapKit/SnapKit.git";
			requirement = {
				kind = upToNextMajorVersion;
				minimumVersion = 5.0.0;
			};
		};
/* End XCRemoteSwiftPackageReference section */

/* Begin XCSwiftPackageProductDependency section */
		17303BC6285F48540074A7C3 /* Kingfisher */ = {
			isa = XCSwiftPackageProductDependency;
			package = 17303BC5285F48540074A7C3 /* XCRemoteSwiftPackageReference "Kingfisher" */;
			productName = Kingfisher;
		};
		17303BC9285F486B0074A7C3 /* SnapKit */ = {
			isa = XCSwiftPackageProductDependency;
			package = 17303BC8285F486B0074A7C3 /* XCRemoteSwiftPackageReference "SnapKit" */;
			productName = SnapKit;
		};
/* End XCSwiftPackageProductDependency section */
	};
	rootObject = 17303BA6285F47A10074A7C3 /* Project object */;
}
